// !$*UTF8*$!
{
	archiveVersion = 1;
	classes = {
	};
	objectVersion = 56;
	objects = {

/* Begin PBXBuildFile section */
		2BF9F2BDDA820DD0ABA7E9CC /* Pods_GitCat.framework in Frameworks */ = {isa = PBXBuildFile; fileRef = B7621329D393872906C7DAE0 /* Pods_GitCat.framework */; };
		D0061AF52AC4BB980051DEA0 /* ChangedFilesListView.swift in Sources */ = {isa = PBXBuildFile; fileRef = D0061AF42AC4BB980051DEA0 /* ChangedFilesListView.swift */; };
		D0061AF72AC4BBB30051DEA0 /* ChangedFilesListViewModel.swift in Sources */ = {isa = PBXBuildFile; fileRef = D0061AF62AC4BBB30051DEA0 /* ChangedFilesListViewModel.swift */; };
		D0061AF92AC4BC190051DEA0 /* GitService.swift in Sources */ = {isa = PBXBuildFile; fileRef = D0061AF82AC4BC190051DEA0 /* GitService.swift */; };
		D0061AFC2AC588460051DEA0 /* File.swift in Sources */ = {isa = PBXBuildFile; fileRef = D0061AFB2AC588460051DEA0 /* File.swift */; };
		D01888162AC459AA00CB874D /* MainView.swift in Sources */ = {isa = PBXBuildFile; fileRef = D01888152AC459AA00CB874D /* MainView.swift */; };
		D01888192AC459CF00CB874D /* FileListView.swift in Sources */ = {isa = PBXBuildFile; fileRef = D01888182AC459CF00CB874D /* FileListView.swift */; };
		D018881C2AC45AD000CB874D /* ChangesView.swift in Sources */ = {isa = PBXBuildFile; fileRef = D018881B2AC45AD000CB874D /* ChangesView.swift */; };
		D018881E2AC45C1600CB874D /* MainViewModel.swift in Sources */ = {isa = PBXBuildFile; fileRef = D018881D2AC45C1600CB874D /* MainViewModel.swift */; };
		D01888202AC4607200CB874D /* ChangesViewModel.swift in Sources */ = {isa = PBXBuildFile; fileRef = D018881F2AC4607200CB874D /* ChangesViewModel.swift */; };
		D01888222AC462AD00CB874D /* FileListViewModel.swift in Sources */ = {isa = PBXBuildFile; fileRef = D01888212AC462AD00CB874D /* FileListViewModel.swift */; };
		D01888252AC469BE00CB874D /* FileService.swift in Sources */ = {isa = PBXBuildFile; fileRef = D01888242AC469BE00CB874D /* FileService.swift */; };
		D01F56102AC455B700AF4342 /* GitCatApp.swift in Sources */ = {isa = PBXBuildFile; fileRef = D01F560F2AC455B700AF4342 /* GitCatApp.swift */; };
		D01F56142AC455B700AF4342 /* Assets.xcassets in Resources */ = {isa = PBXBuildFile; fileRef = D01F56132AC455B700AF4342 /* Assets.xcassets */; };
		D01F56172AC455B700AF4342 /* Preview Assets.xcassets in Resources */ = {isa = PBXBuildFile; fileRef = D01F56162AC455B700AF4342 /* Preview Assets.xcassets */; };
		D01F56222AC455B800AF4342 /* GitCatTests.swift in Sources */ = {isa = PBXBuildFile; fileRef = D01F56212AC455B800AF4342 /* GitCatTests.swift */; };
		D01F562C2AC455B800AF4342 /* GitCatUITests.swift in Sources */ = {isa = PBXBuildFile; fileRef = D01F562B2AC455B800AF4342 /* GitCatUITests.swift */; };
		D01F562E2AC455B800AF4342 /* GitCatUITestsLaunchTests.swift in Sources */ = {isa = PBXBuildFile; fileRef = D01F562D2AC455B800AF4342 /* GitCatUITestsLaunchTests.swift */; };
		D02109E32AC76B9200A64C4F /* ShellService.swift in Sources */ = {isa = PBXBuildFile; fileRef = D02109E22AC76B9200A64C4F /* ShellService.swift */; };
		D02109E62AC835AF00A64C4F /* GitCommands.swift in Sources */ = {isa = PBXBuildFile; fileRef = D02109E52AC835AF00A64C4F /* GitCommands.swift */; };
		D0450CC72AF2EEFC00927A86 /* ResizableView.swift in Sources */ = {isa = PBXBuildFile; fileRef = D0450CC62AF2EEFC00927A86 /* ResizableView.swift */; };
		DA8E35EA77562C33F2FDDECA /* Pods_GitCat_GitCatUITests.framework in Frameworks */ = {isa = PBXBuildFile; fileRef = FD796F51C3E23945D15A677D /* Pods_GitCat_GitCatUITests.framework */; };
		E4A4C100AB8629E1A9600C2E /* Pods_GitCatTests.framework in Frameworks */ = {isa = PBXBuildFile; fileRef = FF10FD98243EE860794946C5 /* Pods_GitCatTests.framework */; };
/* End PBXBuildFile section */

/* Begin PBXContainerItemProxy section */
		D01F561E2AC455B800AF4342 /* PBXContainerItemProxy */ = {
			isa = PBXContainerItemProxy;
			containerPortal = D01F56042AC455B700AF4342 /* Project object */;
			proxyType = 1;
			remoteGlobalIDString = D01F560B2AC455B700AF4342;
			remoteInfo = GitCat;
		};
		D01F56282AC455B800AF4342 /* PBXContainerItemProxy */ = {
			isa = PBXContainerItemProxy;
			containerPortal = D01F56042AC455B700AF4342 /* Project object */;
			proxyType = 1;
			remoteGlobalIDString = D01F560B2AC455B700AF4342;
			remoteInfo = GitCat;
		};
/* End PBXContainerItemProxy section */

/* Begin PBXFileReference section */
		710617BAB780D02EE24E3ADB /* Pods-GitCat.release.xcconfig */ = {isa = PBXFileReference; includeInIndex = 1; lastKnownFileType = text.xcconfig; name = "Pods-GitCat.release.xcconfig"; path = "Target Support Files/Pods-GitCat/Pods-GitCat.release.xcconfig"; sourceTree = "<group>"; };
		73974C7314E3FABF71BD5E4A /* Pods-GitCatTests.debug.xcconfig */ = {isa = PBXFileReference; includeInIndex = 1; lastKnownFileType = text.xcconfig; name = "Pods-GitCatTests.debug.xcconfig"; path = "Target Support Files/Pods-GitCatTests/Pods-GitCatTests.debug.xcconfig"; sourceTree = "<group>"; };
		78E3C791E58A980F5FDFCA0E /* Pods-GitCat-GitCatUITests.release.xcconfig */ = {isa = PBXFileReference; includeInIndex = 1; lastKnownFileType = text.xcconfig; name = "Pods-GitCat-GitCatUITests.release.xcconfig"; path = "Target Support Files/Pods-GitCat-GitCatUITests/Pods-GitCat-GitCatUITests.release.xcconfig"; sourceTree = "<group>"; };
		9246E07309F55872701C2FE4 /* Pods-GitCat.debug.xcconfig */ = {isa = PBXFileReference; includeInIndex = 1; lastKnownFileType = text.xcconfig; name = "Pods-GitCat.debug.xcconfig"; path = "Target Support Files/Pods-GitCat/Pods-GitCat.debug.xcconfig"; sourceTree = "<group>"; };
		B622726E0147A0CE56DA77D5 /* Pods-GitCatTests.release.xcconfig */ = {isa = PBXFileReference; includeInIndex = 1; lastKnownFileType = text.xcconfig; name = "Pods-GitCatTests.release.xcconfig"; path = "Target Support Files/Pods-GitCatTests/Pods-GitCatTests.release.xcconfig"; sourceTree = "<group>"; };
		B7621329D393872906C7DAE0 /* Pods_GitCat.framework */ = {isa = PBXFileReference; explicitFileType = wrapper.framework; includeInIndex = 0; path = Pods_GitCat.framework; sourceTree = BUILT_PRODUCTS_DIR; };
		D0061AF42AC4BB980051DEA0 /* ChangedFilesListView.swift */ = {isa = PBXFileReference; lastKnownFileType = sourcecode.swift; path = ChangedFilesListView.swift; sourceTree = "<group>"; };
		D0061AF62AC4BBB30051DEA0 /* ChangedFilesListViewModel.swift */ = {isa = PBXFileReference; lastKnownFileType = sourcecode.swift; path = ChangedFilesListViewModel.swift; sourceTree = "<group>"; };
		D0061AF82AC4BC190051DEA0 /* GitService.swift */ = {isa = PBXFileReference; lastKnownFileType = sourcecode.swift; path = GitService.swift; sourceTree = "<group>"; };
		D0061AFB2AC588460051DEA0 /* File.swift */ = {isa = PBXFileReference; lastKnownFileType = sourcecode.swift; path = File.swift; sourceTree = "<group>"; };
		D01888152AC459AA00CB874D /* MainView.swift */ = {isa = PBXFileReference; lastKnownFileType = sourcecode.swift; path = MainView.swift; sourceTree = "<group>"; };
		D01888182AC459CF00CB874D /* FileListView.swift */ = {isa = PBXFileReference; lastKnownFileType = sourcecode.swift; path = FileListView.swift; sourceTree = "<group>"; };
		D018881B2AC45AD000CB874D /* ChangesView.swift */ = {isa = PBXFileReference; lastKnownFileType = sourcecode.swift; path = ChangesView.swift; sourceTree = "<group>"; };
		D018881D2AC45C1600CB874D /* MainViewModel.swift */ = {isa = PBXFileReference; lastKnownFileType = sourcecode.swift; path = MainViewModel.swift; sourceTree = "<group>"; };
		D018881F2AC4607200CB874D /* ChangesViewModel.swift */ = {isa = PBXFileReference; lastKnownFileType = sourcecode.swift; path = ChangesViewModel.swift; sourceTree = "<group>"; };
		D01888212AC462AD00CB874D /* FileListViewModel.swift */ = {isa = PBXFileReference; lastKnownFileType = sourcecode.swift; path = FileListViewModel.swift; sourceTree = "<group>"; };
		D01888242AC469BE00CB874D /* FileService.swift */ = {isa = PBXFileReference; lastKnownFileType = sourcecode.swift; path = FileService.swift; sourceTree = "<group>"; };
		D01F560C2AC455B700AF4342 /* GitCat.app */ = {isa = PBXFileReference; explicitFileType = wrapper.application; includeInIndex = 0; path = GitCat.app; sourceTree = BUILT_PRODUCTS_DIR; };
		D01F560F2AC455B700AF4342 /* GitCatApp.swift */ = {isa = PBXFileReference; lastKnownFileType = sourcecode.swift; path = GitCatApp.swift; sourceTree = "<group>"; };
		D01F56132AC455B700AF4342 /* Assets.xcassets */ = {isa = PBXFileReference; lastKnownFileType = folder.assetcatalog; path = Assets.xcassets; sourceTree = "<group>"; };
		D01F56162AC455B700AF4342 /* Preview Assets.xcassets */ = {isa = PBXFileReference; lastKnownFileType = folder.assetcatalog; path = "Preview Assets.xcassets"; sourceTree = "<group>"; };
		D01F56182AC455B700AF4342 /* GitCat.entitlements */ = {isa = PBXFileReference; lastKnownFileType = text.plist.entitlements; path = GitCat.entitlements; sourceTree = "<group>"; };
		D01F561D2AC455B800AF4342 /* GitCatTests.xctest */ = {isa = PBXFileReference; explicitFileType = wrapper.cfbundle; includeInIndex = 0; path = GitCatTests.xctest; sourceTree = BUILT_PRODUCTS_DIR; };
		D01F56212AC455B800AF4342 /* GitCatTests.swift */ = {isa = PBXFileReference; lastKnownFileType = sourcecode.swift; path = GitCatTests.swift; sourceTree = "<group>"; };
		D01F56272AC455B800AF4342 /* GitCatUITests.xctest */ = {isa = PBXFileReference; explicitFileType = wrapper.cfbundle; includeInIndex = 0; path = GitCatUITests.xctest; sourceTree = BUILT_PRODUCTS_DIR; };
		D01F562B2AC455B800AF4342 /* GitCatUITests.swift */ = {isa = PBXFileReference; lastKnownFileType = sourcecode.swift; path = GitCatUITests.swift; sourceTree = "<group>"; };
		D01F562D2AC455B800AF4342 /* GitCatUITestsLaunchTests.swift */ = {isa = PBXFileReference; lastKnownFileType = sourcecode.swift; path = GitCatUITestsLaunchTests.swift; sourceTree = "<group>"; };
		D02109E22AC76B9200A64C4F /* ShellService.swift */ = {isa = PBXFileReference; lastKnownFileType = sourcecode.swift; path = ShellService.swift; sourceTree = "<group>"; };
		D02109E52AC835AF00A64C4F /* GitCommands.swift */ = {isa = PBXFileReference; lastKnownFileType = sourcecode.swift; path = GitCommands.swift; sourceTree = "<group>"; };
		D0450CC62AF2EEFC00927A86 /* ResizableView.swift */ = {isa = PBXFileReference; lastKnownFileType = sourcecode.swift; path = ResizableView.swift; sourceTree = "<group>"; };
		F6547F92E8CCE7082977FEE3 /* Pods-GitCat-GitCatUITests.debug.xcconfig */ = {isa = PBXFileReference; includeInIndex = 1; lastKnownFileType = text.xcconfig; name = "Pods-GitCat-GitCatUITests.debug.xcconfig"; path = "Target Support Files/Pods-GitCat-GitCatUITests/Pods-GitCat-GitCatUITests.debug.xcconfig"; sourceTree = "<group>"; };
		FD796F51C3E23945D15A677D /* Pods_GitCat_GitCatUITests.framework */ = {isa = PBXFileReference; explicitFileType = wrapper.framework; includeInIndex = 0; path = Pods_GitCat_GitCatUITests.framework; sourceTree = BUILT_PRODUCTS_DIR; };
		FF10FD98243EE860794946C5 /* Pods_GitCatTests.framework */ = {isa = PBXFileReference; explicitFileType = wrapper.framework; includeInIndex = 0; path = Pods_GitCatTests.framework; sourceTree = BUILT_PRODUCTS_DIR; };
/* End PBXFileReference section */

/* Begin PBXFrameworksBuildPhase section */
		D01F56092AC455B700AF4342 /* Frameworks */ = {
			isa = PBXFrameworksBuildPhase;
			buildActionMask = 2147483647;
			files = (
				2BF9F2BDDA820DD0ABA7E9CC /* Pods_GitCat.framework in Frameworks */,
			);
			runOnlyForDeploymentPostprocessing = 0;
		};
		D01F561A2AC455B800AF4342 /* Frameworks */ = {
			isa = PBXFrameworksBuildPhase;
			buildActionMask = 2147483647;
			files = (
				E4A4C100AB8629E1A9600C2E /* Pods_GitCatTests.framework in Frameworks */,
			);
			runOnlyForDeploymentPostprocessing = 0;
		};
		D01F56242AC455B800AF4342 /* Frameworks */ = {
			isa = PBXFrameworksBuildPhase;
			buildActionMask = 2147483647;
			files = (
				DA8E35EA77562C33F2FDDECA /* Pods_GitCat_GitCatUITests.framework in Frameworks */,
			);
			runOnlyForDeploymentPostprocessing = 0;
		};
/* End PBXFrameworksBuildPhase section */

/* Begin PBXGroup section */
		6D0904D8C982B477BF00BBDA /* Frameworks */ = {
			isa = PBXGroup;
			children = (
				B7621329D393872906C7DAE0 /* Pods_GitCat.framework */,
				FD796F51C3E23945D15A677D /* Pods_GitCat_GitCatUITests.framework */,
				FF10FD98243EE860794946C5 /* Pods_GitCatTests.framework */,
			);
			name = Frameworks;
			sourceTree = "<group>";
		};
		9E7FAA8CAC45752766A4B508 /* Pods */ = {
			isa = PBXGroup;
			children = (
				9246E07309F55872701C2FE4 /* Pods-GitCat.debug.xcconfig */,
				710617BAB780D02EE24E3ADB /* Pods-GitCat.release.xcconfig */,
				F6547F92E8CCE7082977FEE3 /* Pods-GitCat-GitCatUITests.debug.xcconfig */,
				78E3C791E58A980F5FDFCA0E /* Pods-GitCat-GitCatUITests.release.xcconfig */,
				73974C7314E3FABF71BD5E4A /* Pods-GitCatTests.debug.xcconfig */,
				B622726E0147A0CE56DA77D5 /* Pods-GitCatTests.release.xcconfig */,
			);
			path = Pods;
			sourceTree = "<group>";
		};
		D0061AF32AC4BB830051DEA0 /* ChangedFilesList */ = {
			isa = PBXGroup;
			children = (
				D0061AF42AC4BB980051DEA0 /* ChangedFilesListView.swift */,
				D0061AF62AC4BBB30051DEA0 /* ChangedFilesListViewModel.swift */,
			);
			path = ChangedFilesList;
			sourceTree = "<group>";
		};
		D0061AFA2AC588320051DEA0 /* Models */ = {
			isa = PBXGroup;
			children = (
				D0061AFB2AC588460051DEA0 /* File.swift */,
			);
			path = Models;
			sourceTree = "<group>";
		};
		D01888132AC4593800CB874D /* Main */ = {
			isa = PBXGroup;
			children = (
				D018881A2AC45A3400CB874D /* Changes */,
				D01888172AC459B300CB874D /* FileList */,
				D01888152AC459AA00CB874D /* MainView.swift */,
				D018881D2AC45C1600CB874D /* MainViewModel.swift */,
			);
			path = Main;
			sourceTree = "<group>";
		};
		D01888142AC4599400CB874D /* Screens */ = {
			isa = PBXGroup;
			children = (
				D01888132AC4593800CB874D /* Main */,
			);
			path = Screens;
			sourceTree = "<group>";
		};
		D01888172AC459B300CB874D /* FileList */ = {
			isa = PBXGroup;
			children = (
				D0061AF32AC4BB830051DEA0 /* ChangedFilesList */,
				D01888182AC459CF00CB874D /* FileListView.swift */,
				D01888212AC462AD00CB874D /* FileListViewModel.swift */,
			);
			path = FileList;
			sourceTree = "<group>";
		};
		D018881A2AC45A3400CB874D /* Changes */ = {
			isa = PBXGroup;
			children = (
				D018881B2AC45AD000CB874D /* ChangesView.swift */,
				D018881F2AC4607200CB874D /* ChangesViewModel.swift */,
			);
			path = Changes;
			sourceTree = "<group>";
		};
		D01888232AC469B200CB874D /* Services */ = {
			isa = PBXGroup;
			children = (
				D02109E42AC8359C00A64C4F /* GitService */,
				D01888242AC469BE00CB874D /* FileService.swift */,
				D02109E22AC76B9200A64C4F /* ShellService.swift */,
			);
			path = Services;
			sourceTree = "<group>";
		};
		D01F56032AC455B700AF4342 = {
			isa = PBXGroup;
			children = (
				D01F560E2AC455B700AF4342 /* GitCat */,
				D01F56202AC455B800AF4342 /* GitCatTests */,
				D01F562A2AC455B800AF4342 /* GitCatUITests */,
				D01F560D2AC455B700AF4342 /* Products */,
				9E7FAA8CAC45752766A4B508 /* Pods */,
				6D0904D8C982B477BF00BBDA /* Frameworks */,
			);
			sourceTree = "<group>";
		};
		D01F560D2AC455B700AF4342 /* Products */ = {
			isa = PBXGroup;
			children = (
				D01F560C2AC455B700AF4342 /* GitCat.app */,
				D01F561D2AC455B800AF4342 /* GitCatTests.xctest */,
				D01F56272AC455B800AF4342 /* GitCatUITests.xctest */,
			);
			name = Products;
			sourceTree = "<group>";
		};
		D01F560E2AC455B700AF4342 /* GitCat */ = {
			isa = PBXGroup;
			children = (
				D0450CC42AF2EEE800927A86 /* ReusableComponents */,
				D0061AFA2AC588320051DEA0 /* Models */,
				D01888232AC469B200CB874D /* Services */,
				D01888142AC4599400CB874D /* Screens */,
				D01F560F2AC455B700AF4342 /* GitCatApp.swift */,
				D01F56132AC455B700AF4342 /* Assets.xcassets */,
				D01F56182AC455B700AF4342 /* GitCat.entitlements */,
				D01F56152AC455B700AF4342 /* Preview Content */,
			);
			path = GitCat;
			sourceTree = "<group>";
		};
		D01F56152AC455B700AF4342 /* Preview Content */ = {
			isa = PBXGroup;
			children = (
				D01F56162AC455B700AF4342 /* Preview Assets.xcassets */,
			);
			path = "Preview Content";
			sourceTree = "<group>";
		};
		D01F56202AC455B800AF4342 /* GitCatTests */ = {
			isa = PBXGroup;
			children = (
				D01F56212AC455B800AF4342 /* GitCatTests.swift */,
			);
			path = GitCatTests;
			sourceTree = "<group>";
		};
		D01F562A2AC455B800AF4342 /* GitCatUITests */ = {
			isa = PBXGroup;
			children = (
				D01F562B2AC455B800AF4342 /* GitCatUITests.swift */,
				D01F562D2AC455B800AF4342 /* GitCatUITestsLaunchTests.swift */,
			);
			path = GitCatUITests;
			sourceTree = "<group>";
		};
		D02109E42AC8359C00A64C4F /* GitService */ = {
			isa = PBXGroup;
			children = (
				D0061AF82AC4BC190051DEA0 /* GitService.swift */,
				D02109E52AC835AF00A64C4F /* GitCommands.swift */,
			);
			path = GitService;
			sourceTree = "<group>";
		};
		D0450CC42AF2EEE800927A86 /* ReusableComponents */ = {
			isa = PBXGroup;
			children = (
				D0450CC52AF2EEF000927A86 /* ResizableView */,
			);
			path = ReusableComponents;
			sourceTree = "<group>";
		};
		D0450CC52AF2EEF000927A86 /* ResizableView */ = {
			isa = PBXGroup;
			children = (
				D0450CC62AF2EEFC00927A86 /* ResizableView.swift */,
			);
			path = ResizableView;
			sourceTree = "<group>";
		};
/* End PBXGroup section */

/* Begin PBXNativeTarget section */
		D01F560B2AC455B700AF4342 /* GitCat */ = {
			isa = PBXNativeTarget;
			buildConfigurationList = D01F56312AC455B800AF4342 /* Build configuration list for PBXNativeTarget "GitCat" */;
			buildPhases = (
				7D0882F8FFB175B439A6D403 /* [CP] Check Pods Manifest.lock */,
				D01F56082AC455B700AF4342 /* Sources */,
				D01F56092AC455B700AF4342 /* Frameworks */,
				D01F560A2AC455B700AF4342 /* Resources */,
			);
			buildRules = (
			);
			dependencies = (
			);
			name = GitCat;
			productName = GitCat;
			productReference = D01F560C2AC455B700AF4342 /* GitCat.app */;
			productType = "com.apple.product-type.application";
		};
		D01F561C2AC455B800AF4342 /* GitCatTests */ = {
			isa = PBXNativeTarget;
			buildConfigurationList = D01F56342AC455B800AF4342 /* Build configuration list for PBXNativeTarget "GitCatTests" */;
			buildPhases = (
				E8B5B3D64C50FADAA93A0751 /* [CP] Check Pods Manifest.lock */,
				D01F56192AC455B800AF4342 /* Sources */,
				D01F561A2AC455B800AF4342 /* Frameworks */,
				D01F561B2AC455B800AF4342 /* Resources */,
			);
			buildRules = (
			);
			dependencies = (
				D01F561F2AC455B800AF4342 /* PBXTargetDependency */,
			);
			name = GitCatTests;
			productName = GitCatTests;
			productReference = D01F561D2AC455B800AF4342 /* GitCatTests.xctest */;
			productType = "com.apple.product-type.bundle.unit-test";
		};
		D01F56262AC455B800AF4342 /* GitCatUITests */ = {
			isa = PBXNativeTarget;
			buildConfigurationList = D01F56372AC455B800AF4342 /* Build configuration list for PBXNativeTarget "GitCatUITests" */;
			buildPhases = (
				87C89AF5517126338993C90F /* [CP] Check Pods Manifest.lock */,
				D01F56232AC455B800AF4342 /* Sources */,
				D01F56242AC455B800AF4342 /* Frameworks */,
				D01F56252AC455B800AF4342 /* Resources */,
			);
			buildRules = (
			);
			dependencies = (
				D01F56292AC455B800AF4342 /* PBXTargetDependency */,
			);
			name = GitCatUITests;
			productName = GitCatUITests;
			productReference = D01F56272AC455B800AF4342 /* GitCatUITests.xctest */;
			productType = "com.apple.product-type.bundle.ui-testing";
		};
/* End PBXNativeTarget section */

/* Begin PBXProject section */
		D01F56042AC455B700AF4342 /* Project object */ = {
			isa = PBXProject;
			attributes = {
				BuildIndependentTargetsInParallel = 1;
				LastSwiftUpdateCheck = 1500;
				LastUpgradeCheck = 1500;
				TargetAttributes = {
					D01F560B2AC455B700AF4342 = {
						CreatedOnToolsVersion = 15.0;
					};
					D01F561C2AC455B800AF4342 = {
						CreatedOnToolsVersion = 15.0;
						TestTargetID = D01F560B2AC455B700AF4342;
					};
					D01F56262AC455B800AF4342 = {
						CreatedOnToolsVersion = 15.0;
						TestTargetID = D01F560B2AC455B700AF4342;
					};
				};
			};
			buildConfigurationList = D01F56072AC455B700AF4342 /* Build configuration list for PBXProject "GitCat" */;
			compatibilityVersion = "Xcode 14.0";
			developmentRegion = en;
			hasScannedForEncodings = 0;
			knownRegions = (
				en,
				Base,
			);
			mainGroup = D01F56032AC455B700AF4342;
			productRefGroup = D01F560D2AC455B700AF4342 /* Products */;
			projectDirPath = "";
			projectRoot = "";
			targets = (
				D01F560B2AC455B700AF4342 /* GitCat */,
				D01F561C2AC455B800AF4342 /* GitCatTests */,
				D01F56262AC455B800AF4342 /* GitCatUITests */,
			);
		};
/* End PBXProject section */

/* Begin PBXResourcesBuildPhase section */
		D01F560A2AC455B700AF4342 /* Resources */ = {
			isa = PBXResourcesBuildPhase;
			buildActionMask = 2147483647;
			files = (
				D01F56172AC455B700AF4342 /* Preview Assets.xcassets in Resources */,
				D01F56142AC455B700AF4342 /* Assets.xcassets in Resources */,
			);
			runOnlyForDeploymentPostprocessing = 0;
		};
		D01F561B2AC455B800AF4342 /* Resources */ = {
			isa = PBXResourcesBuildPhase;
			buildActionMask = 2147483647;
			files = (
			);
			runOnlyForDeploymentPostprocessing = 0;
		};
		D01F56252AC455B800AF4342 /* Resources */ = {
			isa = PBXResourcesBuildPhase;
			buildActionMask = 2147483647;
			files = (
			);
			runOnlyForDeploymentPostprocessing = 0;
		};
/* End PBXResourcesBuildPhase section */

/* Begin PBXShellScriptBuildPhase section */
		7D0882F8FFB175B439A6D403 /* [CP] Check Pods Manifest.lock */ = {
			isa = PBXShellScriptBuildPhase;
			buildActionMask = 2147483647;
			files = (
			);
			inputFileListPaths = (
			);
			inputPaths = (
				"${PODS_PODFILE_DIR_PATH}/Podfile.lock",
				"${PODS_ROOT}/Manifest.lock",
			);
			name = "[CP] Check Pods Manifest.lock";
			outputFileListPaths = (
			);
			outputPaths = (
				"$(DERIVED_FILE_DIR)/Pods-GitCat-checkManifestLockResult.txt",
			);
			runOnlyForDeploymentPostprocessing = 0;
			shellPath = /bin/sh;
			shellScript = "diff \"${PODS_PODFILE_DIR_PATH}/Podfile.lock\" \"${PODS_ROOT}/Manifest.lock\" > /dev/null\nif [ $? != 0 ] ; then\n    # print error to STDERR\n    echo \"error: The sandbox is not in sync with the Podfile.lock. Run 'pod install' or update your CocoaPods installation.\" >&2\n    exit 1\nfi\n# This output is used by Xcode 'outputs' to avoid re-running this script phase.\necho \"SUCCESS\" > \"${SCRIPT_OUTPUT_FILE_0}\"\n";
			showEnvVarsInLog = 0;
		};
		87C89AF5517126338993C90F /* [CP] Check Pods Manifest.lock */ = {
			isa = PBXShellScriptBuildPhase;
			buildActionMask = 2147483647;
			files = (
			);
			inputFileListPaths = (
			);
			inputPaths = (
				"${PODS_PODFILE_DIR_PATH}/Podfile.lock",
				"${PODS_ROOT}/Manifest.lock",
			);
			name = "[CP] Check Pods Manifest.lock";
			outputFileListPaths = (
			);
			outputPaths = (
				"$(DERIVED_FILE_DIR)/Pods-GitCat-GitCatUITests-checkManifestLockResult.txt",
			);
			runOnlyForDeploymentPostprocessing = 0;
			shellPath = /bin/sh;
			shellScript = "diff \"${PODS_PODFILE_DIR_PATH}/Podfile.lock\" \"${PODS_ROOT}/Manifest.lock\" > /dev/null\nif [ $? != 0 ] ; then\n    # print error to STDERR\n    echo \"error: The sandbox is not in sync with the Podfile.lock. Run 'pod install' or update your CocoaPods installation.\" >&2\n    exit 1\nfi\n# This output is used by Xcode 'outputs' to avoid re-running this script phase.\necho \"SUCCESS\" > \"${SCRIPT_OUTPUT_FILE_0}\"\n";
			showEnvVarsInLog = 0;
		};
		E8B5B3D64C50FADAA93A0751 /* [CP] Check Pods Manifest.lock */ = {
			isa = PBXShellScriptBuildPhase;
			buildActionMask = 2147483647;
			files = (
			);
			inputFileListPaths = (
			);
			inputPaths = (
				"${PODS_PODFILE_DIR_PATH}/Podfile.lock",
				"${PODS_ROOT}/Manifest.lock",
			);
			name = "[CP] Check Pods Manifest.lock";
			outputFileListPaths = (
			);
			outputPaths = (
				"$(DERIVED_FILE_DIR)/Pods-GitCatTests-checkManifestLockResult.txt",
			);
			runOnlyForDeploymentPostprocessing = 0;
			shellPath = /bin/sh;
			shellScript = "diff \"${PODS_PODFILE_DIR_PATH}/Podfile.lock\" \"${PODS_ROOT}/Manifest.lock\" > /dev/null\nif [ $? != 0 ] ; then\n    # print error to STDERR\n    echo \"error: The sandbox is not in sync with the Podfile.lock. Run 'pod install' or update your CocoaPods installation.\" >&2\n    exit 1\nfi\n# This output is used by Xcode 'outputs' to avoid re-running this script phase.\necho \"SUCCESS\" > \"${SCRIPT_OUTPUT_FILE_0}\"\n";
			showEnvVarsInLog = 0;
		};
/* End PBXShellScriptBuildPhase section */

/* Begin PBXSourcesBuildPhase section */
		D01F56082AC455B700AF4342 /* Sources */ = {
			isa = PBXSourcesBuildPhase;
			buildActionMask = 2147483647;
			files = (
				D02109E32AC76B9200A64C4F /* ShellService.swift in Sources */,
				D018881E2AC45C1600CB874D /* MainViewModel.swift in Sources */,
				D01888222AC462AD00CB874D /* FileListViewModel.swift in Sources */,
				D01888192AC459CF00CB874D /* FileListView.swift in Sources */,
				D01888202AC4607200CB874D /* ChangesViewModel.swift in Sources */,
				D0450CC72AF2EEFC00927A86 /* ResizableView.swift in Sources */,
				D01888162AC459AA00CB874D /* MainView.swift in Sources */,
				D0061AF72AC4BBB30051DEA0 /* ChangedFilesListViewModel.swift in Sources */,
				D0061AF92AC4BC190051DEA0 /* GitService.swift in Sources */,
				D0061AFC2AC588460051DEA0 /* File.swift in Sources */,
				D01888252AC469BE00CB874D /* FileService.swift in Sources */,
				D02109E62AC835AF00A64C4F /* GitCommands.swift in Sources */,
				D0061AF52AC4BB980051DEA0 /* ChangedFilesListView.swift in Sources */,
				D01F56102AC455B700AF4342 /* GitCatApp.swift in Sources */,
				D018881C2AC45AD000CB874D /* ChangesView.swift in Sources */,
			);
			runOnlyForDeploymentPostprocessing = 0;
		};
		D01F56192AC455B800AF4342 /* Sources */ = {
			isa = PBXSourcesBuildPhase;
			buildActionMask = 2147483647;
			files = (
				D01F56222AC455B800AF4342 /* GitCatTests.swift in Sources */,
			);
			runOnlyForDeploymentPostprocessing = 0;
		};
		D01F56232AC455B800AF4342 /* Sources */ = {
			isa = PBXSourcesBuildPhase;
			buildActionMask = 2147483647;
			files = (
				D01F562E2AC455B800AF4342 /* GitCatUITestsLaunchTests.swift in Sources */,
				D01F562C2AC455B800AF4342 /* GitCatUITests.swift in Sources */,
			);
			runOnlyForDeploymentPostprocessing = 0;
		};
/* End PBXSourcesBuildPhase section */

/* Begin PBXTargetDependency section */
		D01F561F2AC455B800AF4342 /* PBXTargetDependency */ = {
			isa = PBXTargetDependency;
			target = D01F560B2AC455B700AF4342 /* GitCat */;
			targetProxy = D01F561E2AC455B800AF4342 /* PBXContainerItemProxy */;
		};
		D01F56292AC455B800AF4342 /* PBXTargetDependency */ = {
			isa = PBXTargetDependency;
			target = D01F560B2AC455B700AF4342 /* GitCat */;
			targetProxy = D01F56282AC455B800AF4342 /* PBXContainerItemProxy */;
		};
/* End PBXTargetDependency section */

/* Begin XCBuildConfiguration section */
		D01F562F2AC455B800AF4342 /* Debug */ = {
			isa = XCBuildConfiguration;
			buildSettings = {
				ALWAYS_SEARCH_USER_PATHS = NO;
				ASSETCATALOG_COMPILER_GENERATE_SWIFT_ASSET_SYMBOL_EXTENSIONS = YES;
				CLANG_ANALYZER_NONNULL = YES;
				CLANG_ANALYZER_NUMBER_OBJECT_CONVERSION = YES_AGGRESSIVE;
				CLANG_CXX_LANGUAGE_STANDARD = "gnu++20";
				CLANG_ENABLE_MODULES = YES;
				CLANG_ENABLE_OBJC_ARC = YES;
				CLANG_ENABLE_OBJC_WEAK = YES;
				CLANG_WARN_BLOCK_CAPTURE_AUTORELEASING = YES;
				CLANG_WARN_BOOL_CONVERSION = YES;
				CLANG_WARN_COMMA = YES;
				CLANG_WARN_CONSTANT_CONVERSION = YES;
				CLANG_WARN_DEPRECATED_OBJC_IMPLEMENTATIONS = YES;
				CLANG_WARN_DIRECT_OBJC_ISA_USAGE = YES_ERROR;
				CLANG_WARN_DOCUMENTATION_COMMENTS = YES;
				CLANG_WARN_EMPTY_BODY = YES;
				CLANG_WARN_ENUM_CONVERSION = YES;
				CLANG_WARN_INFINITE_RECURSION = YES;
				CLANG_WARN_INT_CONVERSION = YES;
				CLANG_WARN_NON_LITERAL_NULL_CONVERSION = YES;
				CLANG_WARN_OBJC_IMPLICIT_RETAIN_SELF = YES;
				CLANG_WARN_OBJC_LITERAL_CONVERSION = YES;
				CLANG_WARN_OBJC_ROOT_CLASS = YES_ERROR;
				CLANG_WARN_QUOTED_INCLUDE_IN_FRAMEWORK_HEADER = YES;
				CLANG_WARN_RANGE_LOOP_ANALYSIS = YES;
				CLANG_WARN_STRICT_PROTOTYPES = YES;
				CLANG_WARN_SUSPICIOUS_MOVE = YES;
				CLANG_WARN_UNGUARDED_AVAILABILITY = YES_AGGRESSIVE;
				CLANG_WARN_UNREACHABLE_CODE = YES;
				CLANG_WARN__DUPLICATE_METHOD_MATCH = YES;
				COPY_PHASE_STRIP = NO;
				DEBUG_INFORMATION_FORMAT = dwarf;
				ENABLE_STRICT_OBJC_MSGSEND = YES;
				ENABLE_TESTABILITY = YES;
				ENABLE_USER_SCRIPT_SANDBOXING = YES;
				GCC_C_LANGUAGE_STANDARD = gnu17;
				GCC_DYNAMIC_NO_PIC = NO;
				GCC_NO_COMMON_BLOCKS = YES;
				GCC_OPTIMIZATION_LEVEL = 0;
				GCC_PREPROCESSOR_DEFINITIONS = (
					"DEBUG=1",
					"$(inherited)",
				);
				GCC_WARN_64_TO_32_BIT_CONVERSION = YES;
				GCC_WARN_ABOUT_RETURN_TYPE = YES_ERROR;
				GCC_WARN_UNDECLARED_SELECTOR = YES;
				GCC_WARN_UNINITIALIZED_AUTOS = YES_AGGRESSIVE;
				GCC_WARN_UNUSED_FUNCTION = YES;
				GCC_WARN_UNUSED_VARIABLE = YES;
				LOCALIZATION_PREFERS_STRING_CATALOGS = YES;
				MACOSX_DEPLOYMENT_TARGET = 13.5;
				MTL_ENABLE_DEBUG_INFO = INCLUDE_SOURCE;
				MTL_FAST_MATH = YES;
				ONLY_ACTIVE_ARCH = YES;
				SDKROOT = macosx;
				SWIFT_ACTIVE_COMPILATION_CONDITIONS = "DEBUG $(inherited)";
				SWIFT_OPTIMIZATION_LEVEL = "-Onone";
			};
			name = Debug;
		};
		D01F56302AC455B800AF4342 /* Release */ = {
			isa = XCBuildConfiguration;
			buildSettings = {
				ALWAYS_SEARCH_USER_PATHS = NO;
				ASSETCATALOG_COMPILER_GENERATE_SWIFT_ASSET_SYMBOL_EXTENSIONS = YES;
				CLANG_ANALYZER_NONNULL = YES;
				CLANG_ANALYZER_NUMBER_OBJECT_CONVERSION = YES_AGGRESSIVE;
				CLANG_CXX_LANGUAGE_STANDARD = "gnu++20";
				CLANG_ENABLE_MODULES = YES;
				CLANG_ENABLE_OBJC_ARC = YES;
				CLANG_ENABLE_OBJC_WEAK = YES;
				CLANG_WARN_BLOCK_CAPTURE_AUTORELEASING = YES;
				CLANG_WARN_BOOL_CONVERSION = YES;
				CLANG_WARN_COMMA = YES;
				CLANG_WARN_CONSTANT_CONVERSION = YES;
				CLANG_WARN_DEPRECATED_OBJC_IMPLEMENTATIONS = YES;
				CLANG_WARN_DIRECT_OBJC_ISA_USAGE = YES_ERROR;
				CLANG_WARN_DOCUMENTATION_COMMENTS = YES;
				CLANG_WARN_EMPTY_BODY = YES;
				CLANG_WARN_ENUM_CONVERSION = YES;
				CLANG_WARN_INFINITE_RECURSION = YES;
				CLANG_WARN_INT_CONVERSION = YES;
				CLANG_WARN_NON_LITERAL_NULL_CONVERSION = YES;
				CLANG_WARN_OBJC_IMPLICIT_RETAIN_SELF = YES;
				CLANG_WARN_OBJC_LITERAL_CONVERSION = YES;
				CLANG_WARN_OBJC_ROOT_CLASS = YES_ERROR;
				CLANG_WARN_QUOTED_INCLUDE_IN_FRAMEWORK_HEADER = YES;
				CLANG_WARN_RANGE_LOOP_ANALYSIS = YES;
				CLANG_WARN_STRICT_PROTOTYPES = YES;
				CLANG_WARN_SUSPICIOUS_MOVE = YES;
				CLANG_WARN_UNGUARDED_AVAILABILITY = YES_AGGRESSIVE;
				CLANG_WARN_UNREACHABLE_CODE = YES;
				CLANG_WARN__DUPLICATE_METHOD_MATCH = YES;
				COPY_PHASE_STRIP = NO;
				DEBUG_INFORMATION_FORMAT = "dwarf-with-dsym";
				ENABLE_NS_ASSERTIONS = NO;
				ENABLE_STRICT_OBJC_MSGSEND = YES;
				ENABLE_USER_SCRIPT_SANDBOXING = YES;
				GCC_C_LANGUAGE_STANDARD = gnu17;
				GCC_NO_COMMON_BLOCKS = YES;
				GCC_WARN_64_TO_32_BIT_CONVERSION = YES;
				GCC_WARN_ABOUT_RETURN_TYPE = YES_ERROR;
				GCC_WARN_UNDECLARED_SELECTOR = YES;
				GCC_WARN_UNINITIALIZED_AUTOS = YES_AGGRESSIVE;
				GCC_WARN_UNUSED_FUNCTION = YES;
				GCC_WARN_UNUSED_VARIABLE = YES;
				LOCALIZATION_PREFERS_STRING_CATALOGS = YES;
				MACOSX_DEPLOYMENT_TARGET = 13.5;
				MTL_ENABLE_DEBUG_INFO = NO;
				MTL_FAST_MATH = YES;
				SDKROOT = macosx;
				SWIFT_COMPILATION_MODE = wholemodule;
			};
			name = Release;
		};
		D01F56322AC455B800AF4342 /* Debug */ = {
			isa = XCBuildConfiguration;
			baseConfigurationReference = 9246E07309F55872701C2FE4 /* Pods-GitCat.debug.xcconfig */;
			buildSettings = {
				ASSETCATALOG_COMPILER_APPICON_NAME = AppIcon;
				ASSETCATALOG_COMPILER_GLOBAL_ACCENT_COLOR_NAME = AccentColor;
				CODE_SIGN_ENTITLEMENTS = GitCat/GitCat.entitlements;
				"CODE_SIGN_IDENTITY[sdk=macosx*]" = "Apple Development";
				CODE_SIGN_STYLE = Automatic;
				COMBINE_HIDPI_IMAGES = YES;
				CURRENT_PROJECT_VERSION = 1;
				DEVELOPMENT_ASSET_PATHS = "\"GitCat/Preview Content\"";
				DEVELOPMENT_TEAM = T7H3GU2L95;
				ENABLE_HARDENED_RUNTIME = YES;
				ENABLE_PREVIEWS = YES;
				GENERATE_INFOPLIST_FILE = YES;
				INFOPLIST_KEY_NSHumanReadableCopyright = "";
				LD_RUNPATH_SEARCH_PATHS = (
					"$(inherited)",
					"@executable_path/../Frameworks",
				);
				MARKETING_VERSION = 1.0;
				PRODUCT_BUNDLE_IDENTIFIER = com.filip.culig.GitCat;
				PRODUCT_NAME = "$(TARGET_NAME)";
				SWIFT_EMIT_LOC_STRINGS = YES;
				SWIFT_VERSION = 5.0;
			};
			name = Debug;
		};
		D01F56332AC455B800AF4342 /* Release */ = {
			isa = XCBuildConfiguration;
			baseConfigurationReference = 710617BAB780D02EE24E3ADB /* Pods-GitCat.release.xcconfig */;
			buildSettings = {
				ASSETCATALOG_COMPILER_APPICON_NAME = AppIcon;
				ASSETCATALOG_COMPILER_GLOBAL_ACCENT_COLOR_NAME = AccentColor;
				CODE_SIGN_ENTITLEMENTS = GitCat/GitCat.entitlements;
				"CODE_SIGN_IDENTITY[sdk=macosx*]" = "Apple Development";
				CODE_SIGN_STYLE = Automatic;
				COMBINE_HIDPI_IMAGES = YES;
				CURRENT_PROJECT_VERSION = 1;
				DEVELOPMENT_ASSET_PATHS = "\"GitCat/Preview Content\"";
				DEVELOPMENT_TEAM = T7H3GU2L95;
				ENABLE_HARDENED_RUNTIME = YES;
				ENABLE_PREVIEWS = YES;
				GENERATE_INFOPLIST_FILE = YES;
				INFOPLIST_KEY_NSHumanReadableCopyright = "";
				LD_RUNPATH_SEARCH_PATHS = (
					"$(inherited)",
					"@executable_path/../Frameworks",
				);
				MARKETING_VERSION = 1.0;
				PRODUCT_BUNDLE_IDENTIFIER = com.filip.culig.GitCat;
				PRODUCT_NAME = "$(TARGET_NAME)";
				SWIFT_EMIT_LOC_STRINGS = YES;
				SWIFT_VERSION = 5.0;
			};
			name = Release;
		};
		D01F56352AC455B800AF4342 /* Debug */ = {
			isa = XCBuildConfiguration;
			baseConfigurationReference = 73974C7314E3FABF71BD5E4A /* Pods-GitCatTests.debug.xcconfig */;
			buildSettings = {
				ALWAYS_EMBED_SWIFT_STANDARD_LIBRARIES = YES;
				BUNDLE_LOADER = "$(TEST_HOST)";
				CODE_SIGN_STYLE = Automatic;
				CURRENT_PROJECT_VERSION = 1;
				DEVELOPMENT_TEAM = T7H3GU2L95;
				GENERATE_INFOPLIST_FILE = YES;
				MACOSX_DEPLOYMENT_TARGET = 13.5;
				MARKETING_VERSION = 1.0;
				PRODUCT_BUNDLE_IDENTIFIER = com.filip.culig.GitCatTests;
				PRODUCT_NAME = "$(TARGET_NAME)";
				SWIFT_EMIT_LOC_STRINGS = NO;
				SWIFT_VERSION = 5.0;
				TEST_HOST = "$(BUILT_PRODUCTS_DIR)/GitCat.app/$(BUNDLE_EXECUTABLE_FOLDER_PATH)/GitCat";
			};
			name = Debug;
		};
		D01F56362AC455B800AF4342 /* Release */ = {
			isa = XCBuildConfiguration;
			baseConfigurationReference = B622726E0147A0CE56DA77D5 /* Pods-GitCatTests.release.xcconfig */;
			buildSettings = {
				ALWAYS_EMBED_SWIFT_STANDARD_LIBRARIES = YES;
				BUNDLE_LOADER = "$(TEST_HOST)";
				CODE_SIGN_STYLE = Automatic;
				CURRENT_PROJECT_VERSION = 1;
				DEVELOPMENT_TEAM = T7H3GU2L95;
				GENERATE_INFOPLIST_FILE = YES;
				MACOSX_DEPLOYMENT_TARGET = 13.5;
				MARKETING_VERSION = 1.0;
				PRODUCT_BUNDLE_IDENTIFIER = com.filip.culig.GitCatTests;
				PRODUCT_NAME = "$(TARGET_NAME)";
				SWIFT_EMIT_LOC_STRINGS = NO;
				SWIFT_VERSION = 5.0;
				TEST_HOST = "$(BUILT_PRODUCTS_DIR)/GitCat.app/$(BUNDLE_EXECUTABLE_FOLDER_PATH)/GitCat";
			};
			name = Release;
		};
		D01F56382AC455B800AF4342 /* Debug */ = {
			isa = XCBuildConfiguration;
			baseConfigurationReference = F6547F92E8CCE7082977FEE3 /* Pods-GitCat-GitCatUITests.debug.xcconfig */;
			buildSettings = {
				ALWAYS_EMBED_SWIFT_STANDARD_LIBRARIES = YES;
				CODE_SIGN_STYLE = Automatic;
				CURRENT_PROJECT_VERSION = 1;
				DEVELOPMENT_TEAM = T7H3GU2L95;
				GENERATE_INFOPLIST_FILE = YES;
				MARKETING_VERSION = 1.0;
				PRODUCT_BUNDLE_IDENTIFIER = com.filip.culig.GitCatUITests;
				PRODUCT_NAME = "$(TARGET_NAME)";
				SWIFT_EMIT_LOC_STRINGS = NO;
				SWIFT_VERSION = 5.0;
				TEST_TARGET_NAME = GitCat;
			};
			name = Debug;
		};
		D01F56392AC455B800AF4342 /* Release */ = {
			isa = XCBuildConfiguration;
			baseConfigurationReference = 78E3C791E58A980F5FDFCA0E /* Pods-GitCat-GitCatUITests.release.xcconfig */;
			buildSettings = {
				ALWAYS_EMBED_SWIFT_STANDARD_LIBRARIES = YES;
				CODE_SIGN_STYLE = Automatic;
				CURRENT_PROJECT_VERSION = 1;
				DEVELOPMENT_TEAM = T7H3GU2L95;
				GENERATE_INFOPLIST_FILE = YES;
				MARKETING_VERSION = 1.0;
				PRODUCT_BUNDLE_IDENTIFIER = com.filip.culig.GitCatUITests;
				PRODUCT_NAME = "$(TARGET_NAME)";
				SWIFT_EMIT_LOC_STRINGS = NO;
				SWIFT_VERSION = 5.0;
				TEST_TARGET_NAME = GitCat;
			};
			name = Release;
		};
/* End XCBuildConfiguration section */

/* Begin XCConfigurationList section */
		D01F56072AC455B700AF4342 /* Build configuration list for PBXProject "GitCat" */ = {
			isa = XCConfigurationList;
			buildConfigurations = (
				D01F562F2AC455B800AF4342 /* Debug */,
				D01F56302AC455B800AF4342 /* Release */,
			);
			defaultConfigurationIsVisible = 0;
			defaultConfigurationName = Release;
		};
		D01F56312AC455B800AF4342 /* Build configuration list for PBXNativeTarget "GitCat" */ = {
			isa = XCConfigurationList;
			buildConfigurations = (
				D01F56322AC455B800AF4342 /* Debug */,
				D01F56332AC455B800AF4342 /* Release */,
			);
			defaultConfigurationIsVisible = 0;
			defaultConfigurationName = Release;
		};
		D01F56342AC455B800AF4342 /* Build configuration list for PBXNativeTarget "GitCatTests" */ = {
			isa = XCConfigurationList;
			buildConfigurations = (
				D01F56352AC455B800AF4342 /* Debug */,
				D01F56362AC455B800AF4342 /* Release */,
			);
			defaultConfigurationIsVisible = 0;
			defaultConfigurationName = Release;
		};
		D01F56372AC455B800AF4342 /* Build configuration list for PBXNativeTarget "GitCatUITests" */ = {
			isa = XCConfigurationList;
			buildConfigurations = (
				D01F56382AC455B800AF4342 /* Debug */,
				D01F56392AC455B800AF4342 /* Release */,
			);
			defaultConfigurationIsVisible = 0;
			defaultConfigurationName = Release;
		};
/* End XCConfigurationList section */
	};
	rootObject = D01F56042AC455B700AF4342 /* Project object */;
}
